
Microsoft Visual Studio Solution File, Format Version 12.00
# Visual Studio Version 16
VisualStudioVersion = 16.0.30002.166
MinimumVisualStudioVersion = 10.0.40219.1
Project("{FAE04EC0-301F-11D3-BF4B-00C04F79EFBC}") = "ConsoleApp", "ConsoleApp.csproj", "{8EB3F41E-21D3-400C-B938-6C2DD1ADB1BB}"
EndProject
Global
	GlobalSection(SolutionConfigurationPlatforms) = preSolution
		Debug|Any CPU = Debug|Any CPU
		Release|Any CPU = Release|Any CPU
	EndGlobalSection
	GlobalSection(ProjectConfigurationPlatforms) = postSolution
		{8EB3F41E-21D3-400C-B938-6C2DD1ADB1BB}.Debug|Any CPU.ActiveCfg = Debug|Any CPU
		{8EB3F41E-21D3-400C-B938-6C2DD1ADB1BB}.Debug|Any CPU.Build.0 = Debug|Any CPU
		{8EB3F41E-21D3-400C-B938-6C2DD1ADB1BB}.Release|Any CPU.ActiveCfg = Release|Any CPU
		{8EB3F41E-21D3-400C-B938-6C2DD1ADB1BB}.Release|Any CPU.Build.0 = Release|Any CPU
	EndGlobalSection
	GlobalSection(SolutionProperties) = preSolution
		HideSolutionNode = FALSE
	EndGlobalSection
	GlobalSection(ExtensibilityGlobals) = postSolution
		SolutionGuid = {37C65C55-E0FE-4C28-BCEA-567D67E01C06}
	EndGlobalSection
EndGlobal
